
Microsoft Visual Studio Solution File, Format Version 12.00
# Visual Studio Version 16
VisualStudioVersion = 16.0.29709.97
MinimumVisualStudioVersion = 10.0.40219.1
Project("{FAE04EC0-301F-11D3-BF4B-00C04F79EFBC}") = "Alarm501", "Alarm501\Alarm501.csproj", "{6DF4285D-8873-402A-A7DF-EBC261157CC1}"
EndProject
Global
	GlobalSection(SolutionConfigurationPlatforms) = preSolution
		Debug|Any CPU = Debug|Any CPU
		Release|Any CPU = Release|Any CPU
	EndGlobalSection
	GlobalSection(ProjectConfigurationPlatforms) = postSolution
		{6DF4285D-8873-402A-A7DF-EBC261157CC1}.Debug|Any CPU.ActiveCfg = Debug|Any CPU
		{6DF4285D-8873-402A-A7DF-EBC261157CC1}.Debug|Any CPU.Build.0 = Debug|Any CPU
		{6DF4285D-8873-402A-A7DF-EBC261157CC1}.Release|Any CPU.ActiveCfg = Release|Any CPU
		{6DF4285D-8873-402A-A7DF-EBC261157CC1}.Release|Any CPU.Build.0 = Release|Any CPU
	EndGlobalSection
	GlobalSection(SolutionProperties) = preSolution
		HideSolutionNode = FALSE
	EndGlobalSection
	GlobalSection(ExtensibilityGlobals) = postSolution
		SolutionGuid = {E619620C-6CB1-4CDC-B0B8-C4A203FD472B}
	EndGlobalSection
EndGlobal
